
Microsoft Visual Studio Solution File, Format Version 12.00
Project("{FAE04EC0-301F-11D3-BF4B-00C04F79EFBC}") = "Clausewitz interpreter", "Clausewitz interpreter\Clausewitz interpreter.csproj", "{E17ED65B-06FA-4B8C-BB9F-ADF5A16A3522}"
EndProject
Global
	GlobalSection(SolutionConfigurationPlatforms) = preSolution
		Debug|Any CPU = Debug|Any CPU
		Release|Any CPU = Release|Any CPU
	EndGlobalSection
	GlobalSection(ProjectConfigurationPlatforms) = postSolution
		{E17ED65B-06FA-4B8C-BB9F-ADF5A16A3522}.Debug|Any CPU.ActiveCfg = Debug|Any CPU
		{E17ED65B-06FA-4B8C-BB9F-ADF5A16A3522}.Debug|Any CPU.Build.0 = Debug|Any CPU
		{E17ED65B-06FA-4B8C-BB9F-ADF5A16A3522}.Release|Any CPU.ActiveCfg = Release|Any CPU
		{E17ED65B-06FA-4B8C-BB9F-ADF5A16A3522}.Release|Any CPU.Build.0 = Release|Any CPU
	EndGlobalSection
EndGlobal
