
Microsoft Visual Studio Solution File, Format Version 12.00
Project("{FAE04EC0-301F-11D3-BF4B-00C04F79EFBC}") = "Tamar.Clausewitz.CLI", "Tamar.Clausewitz.CLI\Tamar.Clausewitz.CLI.csproj", "{4C7B4026-C67D-4B9B-97E2-DBB270FDBE20}"
EndProject
Project("{FAE04EC0-301F-11D3-BF4B-00C04F79EFBC}") = "Tamar.Clausewitz", "Tamar.Clausewitz\Tamar.Clausewitz.csproj", "{8D89E5C6-35D0-44D9-AAB8-495C137B876A}"
EndProject
Project("{FAE04EC0-301F-11D3-BF4B-00C04F79EFBC}") = "Tamar.ANSITerm", "..\ansi-term\Tamar.ANSITerm\Tamar.ANSITerm.csproj", "{792A9B03-ED7F-46EC-98F1-CE1B270C82A4}"
EndProject
Global
	GlobalSection(SolutionConfigurationPlatforms) = preSolution
		Debug|Any CPU = Debug|Any CPU
		Release|Any CPU = Release|Any CPU
	EndGlobalSection
	GlobalSection(ProjectConfigurationPlatforms) = postSolution
		{4C7B4026-C67D-4B9B-97E2-DBB270FDBE20}.Release|Any CPU.ActiveCfg = Release|Any CPU
		{4C7B4026-C67D-4B9B-97E2-DBB270FDBE20}.Release|Any CPU.Build.0 = Release|Any CPU
		{4C7B4026-C67D-4B9B-97E2-DBB270FDBE20}.Debug|Any CPU.ActiveCfg = Debug|Any CPU
		{4C7B4026-C67D-4B9B-97E2-DBB270FDBE20}.Debug|Any CPU.Build.0 = Debug|Any CPU
		{8D89E5C6-35D0-44D9-AAB8-495C137B876A}.Debug|Any CPU.ActiveCfg = Debug|Any CPU
		{8D89E5C6-35D0-44D9-AAB8-495C137B876A}.Debug|Any CPU.Build.0 = Debug|Any CPU
		{8D89E5C6-35D0-44D9-AAB8-495C137B876A}.Release|Any CPU.ActiveCfg = Release|Any CPU
		{8D89E5C6-35D0-44D9-AAB8-495C137B876A}.Release|Any CPU.Build.0 = Release|Any CPU
		{792A9B03-ED7F-46EC-98F1-CE1B270C82A4}.Debug|Any CPU.ActiveCfg = Debug|Any CPU
		{792A9B03-ED7F-46EC-98F1-CE1B270C82A4}.Debug|Any CPU.Build.0 = Debug|Any CPU
		{792A9B03-ED7F-46EC-98F1-CE1B270C82A4}.Release|Any CPU.ActiveCfg = Release|Any CPU
		{792A9B03-ED7F-46EC-98F1-CE1B270C82A4}.Release|Any CPU.Build.0 = Release|Any CPU
	EndGlobalSection
EndGlobal
